
Microsoft Visual Studio Solution File, Format Version 12.00
# Visual Studio Version 17
VisualStudioVersion = 17.0.32014.148
MinimumVisualStudioVersion = 10.0.40219.1
Project("{9A19103F-16F7-4668-BE54-9A1E7A4F7556}") = "PlanningPoker.Blazor.Server", "Server\PlanningPoker.Blazor.Server.csproj", "{CCF49751-4E75-4D62-8226-709BC3BFF839}"
EndProject
Project("{9A19103F-16F7-4668-BE54-9A1E7A4F7556}") = "PlanningPoker.Blazor.Client", "Client\PlanningPoker.Blazor.Client.csproj", "{F2BCB9CC-802B-4CE9-8D77-8E080A0FF90E}"
EndProject
Project("{9A19103F-16F7-4668-BE54-9A1E7A4F7556}") = "PlanningPoker.Blazor.Shared", "Shared\PlanningPoker.Blazor.Shared.csproj", "{9CA12654-49F9-4321-ACA0-70BC426AFA78}"
EndProject
Project("{2150E333-8FDC-42A3-9474-1A3956D46DE8}") = "Solution Items", "Solution Items", "{C703CF7D-D52B-4AA6-BF4D-4987CE13BF90}"
	ProjectSection(SolutionItems) = preProject
		.editorconfig = .editorconfig
	EndProjectSection
EndProject
Global
	GlobalSection(SolutionConfigurationPlatforms) = preSolution
		Debug|Any CPU = Debug|Any CPU
		Release|Any CPU = Release|Any CPU
	EndGlobalSection
	GlobalSection(ProjectConfigurationPlatforms) = postSolution
		{CCF49751-4E75-4D62-8226-709BC3BFF839}.Debug|Any CPU.ActiveCfg = Debug|Any CPU
		{CCF49751-4E75-4D62-8226-709BC3BFF839}.Debug|Any CPU.Build.0 = Debug|Any CPU
		{CCF49751-4E75-4D62-8226-709BC3BFF839}.Release|Any CPU.ActiveCfg = Release|Any CPU
		{CCF49751-4E75-4D62-8226-709BC3BFF839}.Release|Any CPU.Build.0 = Release|Any CPU
		{F2BCB9CC-802B-4CE9-8D77-8E080A0FF90E}.Debug|Any CPU.ActiveCfg = Debug|Any CPU
		{F2BCB9CC-802B-4CE9-8D77-8E080A0FF90E}.Debug|Any CPU.Build.0 = Debug|Any CPU
		{F2BCB9CC-802B-4CE9-8D77-8E080A0FF90E}.Release|Any CPU.ActiveCfg = Release|Any CPU
		{F2BCB9CC-802B-4CE9-8D77-8E080A0FF90E}.Release|Any CPU.Build.0 = Release|Any CPU
		{9CA12654-49F9-4321-ACA0-70BC426AFA78}.Debug|Any CPU.ActiveCfg = Debug|Any CPU
		{9CA12654-49F9-4321-ACA0-70BC426AFA78}.Debug|Any CPU.Build.0 = Debug|Any CPU
		{9CA12654-49F9-4321-ACA0-70BC426AFA78}.Release|Any CPU.ActiveCfg = Release|Any CPU
		{9CA12654-49F9-4321-ACA0-70BC426AFA78}.Release|Any CPU.Build.0 = Release|Any CPU
	EndGlobalSection
	GlobalSection(SolutionProperties) = preSolution
		HideSolutionNode = FALSE
	EndGlobalSection
	GlobalSection(ExtensibilityGlobals) = postSolution
		SolutionGuid = {E8132A0E-1DC5-470D-9D3E-15C005680121}
	EndGlobalSection
EndGlobal
